// !$*UTF8*$!
{
	archiveVersion = 1;
	classes = {
	};
	objectVersion = 56;
	objects = {

/* Begin PBXBuildFile section */
		8F6CF8E62A64859A00B5A54B /* AppDelegate.swift in Sources */ = {isa = PBXBuildFile; fileRef = 8F6CF8E52A64859A00B5A54B /* AppDelegate.swift */; };
		8F6CF8E82A64859A00B5A54B /* SceneDelegate.swift in Sources */ = {isa = PBXBuildFile; fileRef = 8F6CF8E72A64859A00B5A54B /* SceneDelegate.swift */; };
		8F6CF8EA2A64859A00B5A54B /* ViewController.swift in Sources */ = {isa = PBXBuildFile; fileRef = 8F6CF8E92A64859A00B5A54B /* ViewController.swift */; };
		8F6CF8ED2A64859A00B5A54B /* Main.storyboard in Resources */ = {isa = PBXBuildFile; fileRef = 8F6CF8EB2A64859A00B5A54B /* Main.storyboard */; };
		8F6CF8EF2A64859B00B5A54B /* Assets.xcassets in Resources */ = {isa = PBXBuildFile; fileRef = 8F6CF8EE2A64859B00B5A54B /* Assets.xcassets */; };
		8F6CF8F22A64859B00B5A54B /* LaunchScreen.storyboard in Resources */ = {isa = PBXBuildFile; fileRef = 8F6CF8F02A64859B00B5A54B /* LaunchScreen.storyboard */; };
		8F6CF8FD2A64859B00B5A54B /* mathc_two_gameTests.swift in Sources */ = {isa = PBXBuildFile; fileRef = 8F6CF8FC2A64859B00B5A54B /* mathc_two_gameTests.swift */; };
		8F6CF9072A64859B00B5A54B /* mathc_two_gameUITests.swift in Sources */ = {isa = PBXBuildFile; fileRef = 8F6CF9062A64859B00B5A54B /* mathc_two_gameUITests.swift */; };
		8F6CF9092A64859B00B5A54B /* mathc_two_gameUITestsLaunchTests.swift in Sources */ = {isa = PBXBuildFile; fileRef = 8F6CF9082A64859B00B5A54B /* mathc_two_gameUITestsLaunchTests.swift */; };
/* End PBXBuildFile section */

/* Begin PBXContainerItemProxy section */
		8F6CF8F92A64859B00B5A54B /* PBXContainerItemProxy */ = {
			isa = PBXContainerItemProxy;
			containerPortal = 8F6CF8DA2A64859A00B5A54B /* Project object */;
			proxyType = 1;
			remoteGlobalIDString = 8F6CF8E12A64859A00B5A54B;
			remoteInfo = "mathc two game";
		};
		8F6CF9032A64859B00B5A54B /* PBXContainerItemProxy */ = {
			isa = PBXContainerItemProxy;
			containerPortal = 8F6CF8DA2A64859A00B5A54B /* Project object */;
			proxyType = 1;
			remoteGlobalIDString = 8F6CF8E12A64859A00B5A54B;
			remoteInfo = "mathc two game";
		};
/* End PBXContainerItemProxy section */

/* Begin PBXFileReference section */
		8F6CF8E22A64859A00B5A54B /* mathc two game.app */ = {isa = PBXFileReference; explicitFileType = wrapper.application; includeInIndex = 0; path = "mathc two game.app"; sourceTree = BUILT_PRODUCTS_DIR; };
		8F6CF8E52A64859A00B5A54B /* AppDelegate.swift */ = {isa = PBXFileReference; lastKnownFileType = sourcecode.swift; path = AppDelegate.swift; sourceTree = "<group>"; };
		8F6CF8E72A64859A00B5A54B /* SceneDelegate.swift */ = {isa = PBXFileReference; lastKnownFileType = sourcecode.swift; path = SceneDelegate.swift; sourceTree = "<group>"; };
		8F6CF8E92A64859A00B5A54B /* ViewController.swift */ = {isa = PBXFileReference; lastKnownFileType = sourcecode.swift; path = ViewController.swift; sourceTree = "<group>"; };
		8F6CF8EC2A64859A00B5A54B /* Base */ = {isa = PBXFileReference; lastKnownFileType = file.storyboard; name = Base; path = Base.lproj/Main.storyboard; sourceTree = "<group>"; };
		8F6CF8EE2A64859B00B5A54B /* Assets.xcassets */ = {isa = PBXFileReference; lastKnownFileType = folder.assetcatalog; path = Assets.xcassets; sourceTree = "<group>"; };
		8F6CF8F12A64859B00B5A54B /* Base */ = {isa = PBXFileReference; lastKnownFileType = file.storyboard; name = Base; path = Base.lproj/LaunchScreen.storyboard; sourceTree = "<group>"; };
		8F6CF8F32A64859B00B5A54B /* Info.plist */ = {isa = PBXFileReference; lastKnownFileType = text.plist.xml; path = Info.plist; sourceTree = "<group>"; };
		8F6CF8F82A64859B00B5A54B /* mathc two gameTests.xctest */ = {isa = PBXFileReference; explicitFileType = wrapper.cfbundle; includeInIndex = 0; path = "mathc two gameTests.xctest"; sourceTree = BUILT_PRODUCTS_DIR; };
		8F6CF8FC2A64859B00B5A54B /* mathc_two_gameTests.swift */ = {isa = PBXFileReference; lastKnownFileType = sourcecode.swift; path = mathc_two_gameTests.swift; sourceTree = "<group>"; };
		8F6CF9022A64859B00B5A54B /* mathc two gameUITests.xctest */ = {isa = PBXFileReference; explicitFileType = wrapper.cfbundle; includeInIndex = 0; path = "mathc two gameUITests.xctest"; sourceTree = BUILT_PRODUCTS_DIR; };
		8F6CF9062A64859B00B5A54B /* mathc_two_gameUITests.swift */ = {isa = PBXFileReference; lastKnownFileType = sourcecode.swift; path = mathc_two_gameUITests.swift; sourceTree = "<group>"; };
		8F6CF9082A64859B00B5A54B /* mathc_two_gameUITestsLaunchTests.swift */ = {isa = PBXFileReference; lastKnownFileType = sourcecode.swift; path = mathc_two_gameUITestsLaunchTests.swift; sourceTree = "<group>"; };
/* End PBXFileReference section */

/* Begin PBXFrameworksBuildPhase section */
		8F6CF8DF2A64859A00B5A54B /* Frameworks */ = {
			isa = PBXFrameworksBuildPhase;
			buildActionMask = 2147483647;
			files = (
			);
			runOnlyForDeploymentPostprocessing = 0;
		};
		8F6CF8F52A64859B00B5A54B /* Frameworks */ = {
			isa = PBXFrameworksBuildPhase;
			buildActionMask = 2147483647;
			files = (
			);
			runOnlyForDeploymentPostprocessing = 0;
		};
		8F6CF8FF2A64859B00B5A54B /* Frameworks */ = {
			isa = PBXFrameworksBuildPhase;
			buildActionMask = 2147483647;
			files = (
			);
			runOnlyForDeploymentPostprocessing = 0;
		};
/* End PBXFrameworksBuildPhase section */

/* Begin PBXGroup section */
		8F6CF8D92A64859A00B5A54B = {
			isa = PBXGroup;
			children = (
				8F6CF8E42A64859A00B5A54B /* mathc two game */,
				8F6CF8FB2A64859B00B5A54B /* mathc two gameTests */,
				8F6CF9052A64859B00B5A54B /* mathc two gameUITests */,
				8F6CF8E32A64859A00B5A54B /* Products */,
			);
			sourceTree = "<group>";
		};
		8F6CF8E32A64859A00B5A54B /* Products */ = {
			isa = PBXGroup;
			children = (
				8F6CF8E22A64859A00B5A54B /* mathc two game.app */,
				8F6CF8F82A64859B00B5A54B /* mathc two gameTests.xctest */,
				8F6CF9022A64859B00B5A54B /* mathc two gameUITests.xctest */,
			);
			name = Products;
			sourceTree = "<group>";
		};
		8F6CF8E42A64859A00B5A54B /* mathc two game */ = {
			isa = PBXGroup;
			children = (
				8F6CF8E52A64859A00B5A54B /* AppDelegate.swift */,
				8F6CF8E72A64859A00B5A54B /* SceneDelegate.swift */,
				8F6CF8E92A64859A00B5A54B /* ViewController.swift */,
				8F6CF8EB2A64859A00B5A54B /* Main.storyboard */,
				8F6CF8EE2A64859B00B5A54B /* Assets.xcassets */,
				8F6CF8F02A64859B00B5A54B /* LaunchScreen.storyboard */,
				8F6CF8F32A64859B00B5A54B /* Info.plist */,
			);
			path = "mathc two game";
			sourceTree = "<group>";
		};
		8F6CF8FB2A64859B00B5A54B /* mathc two gameTests */ = {
			isa = PBXGroup;
			children = (
				8F6CF8FC2A64859B00B5A54B /* mathc_two_gameTests.swift */,
			);
			path = "mathc two gameTests";
			sourceTree = "<group>";
		};
		8F6CF9052A64859B00B5A54B /* mathc two gameUITests */ = {
			isa = PBXGroup;
			children = (
				8F6CF9062A64859B00B5A54B /* mathc_two_gameUITests.swift */,
				8F6CF9082A64859B00B5A54B /* mathc_two_gameUITestsLaunchTests.swift */,
			);
			path = "mathc two gameUITests";
			sourceTree = "<group>";
		};
/* End PBXGroup section */

/* Begin PBXNativeTarget section */
		8F6CF8E12A64859A00B5A54B /* mathc two game */ = {
			isa = PBXNativeTarget;
			buildConfigurationList = 8F6CF90C2A64859B00B5A54B /* Build configuration list for PBXNativeTarget "mathc two game" */;
			buildPhases = (
				8F6CF8DE2A64859A00B5A54B /* Sources */,
				8F6CF8DF2A64859A00B5A54B /* Frameworks */,
				8F6CF8E02A64859A00B5A54B /* Resources */,
			);
			buildRules = (
			);
			dependencies = (
			);
			name = "mathc two game";
			productName = "mathc two game";
			productReference = 8F6CF8E22A64859A00B5A54B /* mathc two game.app */;
			productType = "com.apple.product-type.application";
		};
		8F6CF8F72A64859B00B5A54B /* mathc two gameTests */ = {
			isa = PBXNativeTarget;
			buildConfigurationList = 8F6CF90F2A64859B00B5A54B /* Build configuration list for PBXNativeTarget "mathc two gameTests" */;
			buildPhases = (
				8F6CF8F42A64859B00B5A54B /* Sources */,
				8F6CF8F52A64859B00B5A54B /* Frameworks */,
				8F6CF8F62A64859B00B5A54B /* Resources */,
			);
			buildRules = (
			);
			dependencies = (
				8F6CF8FA2A64859B00B5A54B /* PBXTargetDependency */,
			);
			name = "mathc two gameTests";
			productName = "mathc two gameTests";
			productReference = 8F6CF8F82A64859B00B5A54B /* mathc two gameTests.xctest */;
			productType = "com.apple.product-type.bundle.unit-test";
		};
		8F6CF9012A64859B00B5A54B /* mathc two gameUITests */ = {
			isa = PBXNativeTarget;
			buildConfigurationList = 8F6CF9122A64859B00B5A54B /* Build configuration list for PBXNativeTarget "mathc two gameUITests" */;
			buildPhases = (
				8F6CF8FE2A64859B00B5A54B /* Sources */,
				8F6CF8FF2A64859B00B5A54B /* Frameworks */,
				8F6CF9002A64859B00B5A54B /* Resources */,
			);
			buildRules = (
			);
			dependencies = (
				8F6CF9042A64859B00B5A54B /* PBXTargetDependency */,
			);
			name = "mathc two gameUITests";
			productName = "mathc two gameUITests";
			productReference = 8F6CF9022A64859B00B5A54B /* mathc two gameUITests.xctest */;
			productType = "com.apple.product-type.bundle.ui-testing";
		};
/* End PBXNativeTarget section */

/* Begin PBXProject section */
		8F6CF8DA2A64859A00B5A54B /* Project object */ = {
			isa = PBXProject;
			attributes = {
				BuildIndependentTargetsInParallel = 1;
				LastSwiftUpdateCheck = 1430;
				LastUpgradeCheck = 1430;
				TargetAttributes = {
					8F6CF8E12A64859A00B5A54B = {
						CreatedOnToolsVersion = 14.3.1;
					};
					8F6CF8F72A64859B00B5A54B = {
						CreatedOnToolsVersion = 14.3.1;
						TestTargetID = 8F6CF8E12A64859A00B5A54B;
					};
					8F6CF9012A64859B00B5A54B = {
						CreatedOnToolsVersion = 14.3.1;
						TestTargetID = 8F6CF8E12A64859A00B5A54B;
					};
				};
			};
			buildConfigurationList = 8F6CF8DD2A64859A00B5A54B /* Build configuration list for PBXProject "mathc two game" */;
			compatibilityVersion = "Xcode 14.0";
			developmentRegion = en;
			hasScannedForEncodings = 0;
			knownRegions = (
				en,
				Base,
			);
			mainGroup = 8F6CF8D92A64859A00B5A54B;
			productRefGroup = 8F6CF8E32A64859A00B5A54B /* Products */;
			projectDirPath = "";
			projectRoot = "";
			targets = (
				8F6CF8E12A64859A00B5A54B /* mathc two game */,
				8F6CF8F72A64859B00B5A54B /* mathc two gameTests */,
				8F6CF9012A64859B00B5A54B /* mathc two gameUITests */,
			);
		};
/* End PBXProject section */

/* Begin PBXResourcesBuildPhase section */
		8F6CF8E02A64859A00B5A54B /* Resources */ = {
			isa = PBXResourcesBuildPhase;
			buildActionMask = 2147483647;
			files = (
				8F6CF8F22A64859B00B5A54B /* LaunchScreen.storyboard in Resources */,
				8F6CF8EF2A64859B00B5A54B /* Assets.xcassets in Resources */,
				8F6CF8ED2A64859A00B5A54B /* Main.storyboard in Resources */,
			);
			runOnlyForDeploymentPostprocessing = 0;
		};
		8F6CF8F62A64859B00B5A54B /* Resources */ = {
			isa = PBXResourcesBuildPhase;
			buildActionMask = 2147483647;
			files = (
			);
			runOnlyForDeploymentPostprocessing = 0;
		};
		8F6CF9002A64859B00B5A54B /* Resources */ = {
			isa = PBXResourcesBuildPhase;
			buildActionMask = 2147483647;
			files = (
			);
			runOnlyForDeploymentPostprocessing = 0;
		};
/* End PBXResourcesBuildPhase section */

/* Begin PBXSourcesBuildPhase section */
		8F6CF8DE2A64859A00B5A54B /* Sources */ = {
			isa = PBXSourcesBuildPhase;
			buildActionMask = 2147483647;
			files = (
				8F6CF8EA2A64859A00B5A54B /* ViewController.swift in Sources */,
				8F6CF8E62A64859A00B5A54B /* AppDelegate.swift in Sources */,
				8F6CF8E82A64859A00B5A54B /* SceneDelegate.swift in Sources */,
			);
			runOnlyForDeploymentPostprocessing = 0;
		};
		8F6CF8F42A64859B00B5A54B /* Sources */ = {
			isa = PBXSourcesBuildPhase;
			buildActionMask = 2147483647;
			files = (
				8F6CF8FD2A64859B00B5A54B /* mathc_two_gameTests.swift in Sources */,
			);
			runOnlyForDeploymentPostprocessing = 0;
		};
		8F6CF8FE2A64859B00B5A54B /* Sources */ = {
			isa = PBXSourcesBuildPhase;
			buildActionMask = 2147483647;
			files = (
				8F6CF9072A64859B00B5A54B /* mathc_two_gameUITests.swift in Sources */,
				8F6CF9092A64859B00B5A54B /* mathc_two_gameUITestsLaunchTests.swift in Sources */,
			);
			runOnlyForDeploymentPostprocessing = 0;
		};
/* End PBXSourcesBuildPhase section */

/* Begin PBXTargetDependency section */
		8F6CF8FA2A64859B00B5A54B /* PBXTargetDependency */ = {
			isa = PBXTargetDependency;
			target = 8F6CF8E12A64859A00B5A54B /* mathc two game */;
			targetProxy = 8F6CF8F92A64859B00B5A54B /* PBXContainerItemProxy */;
		};
		8F6CF9042A64859B00B5A54B /* PBXTargetDependency */ = {
			isa = PBXTargetDependency;
			target = 8F6CF8E12A64859A00B5A54B /* mathc two game */;
			targetProxy = 8F6CF9032A64859B00B5A54B /* PBXContainerItemProxy */;
		};
/* End PBXTargetDependency section */

/* Begin PBXVariantGroup section */
		8F6CF8EB2A64859A00B5A54B /* Main.storyboard */ = {
			isa = PBXVariantGroup;
			children = (
				8F6CF8EC2A64859A00B5A54B /* Base */,
			);
			name = Main.storyboard;
			sourceTree = "<group>";
		};
		8F6CF8F02A64859B00B5A54B /* LaunchScreen.storyboard */ = {
			isa = PBXVariantGroup;
			children = (
				8F6CF8F12A64859B00B5A54B /* Base */,
			);
			name = LaunchScreen.storyboard;
			sourceTree = "<group>";
		};
/* End PBXVariantGroup section */

/* Begin XCBuildConfiguration section */
		8F6CF90A2A64859B00B5A54B /* Debug */ = {
			isa = XCBuildConfiguration;
			buildSettings = {
				ALWAYS_SEARCH_USER_PATHS = NO;
				CLANG_ANALYZER_NONNULL = YES;
				CLANG_ANALYZER_NUMBER_OBJECT_CONVERSION = YES_AGGRESSIVE;
				CLANG_CXX_LANGUAGE_STANDARD = "gnu++20";
				CLANG_ENABLE_MODULES = YES;
				CLANG_ENABLE_OBJC_ARC = YES;
				CLANG_ENABLE_OBJC_WEAK = YES;
				CLANG_WARN_BLOCK_CAPTURE_AUTORELEASING = YES;
				CLANG_WARN_BOOL_CONVERSION = YES;
				CLANG_WARN_COMMA = YES;
				CLANG_WARN_CONSTANT_CONVERSION = YES;
				CLANG_WARN_DEPRECATED_OBJC_IMPLEMENTATIONS = YES;
				CLANG_WARN_DIRECT_OBJC_ISA_USAGE = YES_ERROR;
				CLANG_WARN_DOCUMENTATION_COMMENTS = YES;
				CLANG_WARN_EMPTY_BODY = YES;
				CLANG_WARN_ENUM_CONVERSION = YES;
				CLANG_WARN_INFINITE_RECURSION = YES;
				CLANG_WARN_INT_CONVERSION = YES;
				CLANG_WARN_NON_LITERAL_NULL_CONVERSION = YES;
				CLANG_WARN_OBJC_IMPLICIT_RETAIN_SELF = YES;
				CLANG_WARN_OBJC_LITERAL_CONVERSION = YES;
				CLANG_WARN_OBJC_ROOT_CLASS = YES_ERROR;
				CLANG_WARN_QUOTED_INCLUDE_IN_FRAMEWORK_HEADER = YES;
				CLANG_WARN_RANGE_LOOP_ANALYSIS = YES;
				CLANG_WARN_STRICT_PROTOTYPES = YES;
				CLANG_WARN_SUSPICIOUS_MOVE = YES;
				CLANG_WARN_UNGUARDED_AVAILABILITY = YES_AGGRESSIVE;
				CLANG_WARN_UNREACHABLE_CODE = YES;
				CLANG_WARN__DUPLICATE_METHOD_MATCH = YES;
				COPY_PHASE_STRIP = NO;
				DEBUG_INFORMATION_FORMAT = dwarf;
				ENABLE_STRICT_OBJC_MSGSEND = YES;
				ENABLE_TESTABILITY = YES;
				GCC_C_LANGUAGE_STANDARD = gnu11;
				GCC_DYNAMIC_NO_PIC = NO;
				GCC_NO_COMMON_BLOCKS = YES;
				GCC_OPTIMIZATION_LEVEL = 0;
				GCC_PREPROCESSOR_DEFINITIONS = (
					"DEBUG=1",
					"$(inherited)",
				);
				GCC_WARN_64_TO_32_BIT_CONVERSION = YES;
				GCC_WARN_ABOUT_RETURN_TYPE = YES_ERROR;
				GCC_WARN_UNDECLARED_SELECTOR = YES;
				GCC_WARN_UNINITIALIZED_AUTOS = YES_AGGRESSIVE;
				GCC_WARN_UNUSED_FUNCTION = YES;
				GCC_WARN_UNUSED_VARIABLE = YES;
				IPHONEOS_DEPLOYMENT_TARGET = 16.4;
				MTL_ENABLE_DEBUG_INFO = INCLUDE_SOURCE;
				MTL_FAST_MATH = YES;
				ONLY_ACTIVE_ARCH = YES;
				SDKROOT = iphoneos;
				SWIFT_ACTIVE_COMPILATION_CONDITIONS = DEBUG;
				SWIFT_OPTIMIZATION_LEVEL = "-Onone";
			};
			name = Debug;
		};
		8F6CF90B2A64859B00B5A54B /* Release */ = {
			isa = XCBuildConfiguration;
			buildSettings = {
				ALWAYS_SEARCH_USER_PATHS = NO;
				CLANG_ANALYZER_NONNULL = YES;
				CLANG_ANALYZER_NUMBER_OBJECT_CONVERSION = YES_AGGRESSIVE;
				CLANG_CXX_LANGUAGE_STANDARD = "gnu++20";
				CLANG_ENABLE_MODULES = YES;
				CLANG_ENABLE_OBJC_ARC = YES;
				CLANG_ENABLE_OBJC_WEAK = YES;
				CLANG_WARN_BLOCK_CAPTURE_AUTORELEASING = YES;
				CLANG_WARN_BOOL_CONVERSION = YES;
				CLANG_WARN_COMMA = YES;
				CLANG_WARN_CONSTANT_CONVERSION = YES;
				CLANG_WARN_DEPRECATED_OBJC_IMPLEMENTATIONS = YES;
				CLANG_WARN_DIRECT_OBJC_ISA_USAGE = YES_ERROR;
				CLANG_WARN_DOCUMENTATION_COMMENTS = YES;
				CLANG_WARN_EMPTY_BODY = YES;
				CLANG_WARN_ENUM_CONVERSION = YES;
				CLANG_WARN_INFINITE_RECURSION = YES;
				CLANG_WARN_INT_CONVERSION = YES;
				CLANG_WARN_NON_LITERAL_NULL_CONVERSION = YES;
				CLANG_WARN_OBJC_IMPLICIT_RETAIN_SELF = YES;
				CLANG_WARN_OBJC_LITERAL_CONVERSION = YES;
				CLANG_WARN_OBJC_ROOT_CLASS = YES_ERROR;
				CLANG_WARN_QUOTED_INCLUDE_IN_FRAMEWORK_HEADER = YES;
				CLANG_WARN_RANGE_LOOP_ANALYSIS = YES;
				CLANG_WARN_STRICT_PROTOTYPES = YES;
				CLANG_WARN_SUSPICIOUS_MOVE = YES;
				CLANG_WARN_UNGUARDED_AVAILABILITY = YES_AGGRESSIVE;
				CLANG_WARN_UNREACHABLE_CODE = YES;
				CLANG_WARN__DUPLICATE_METHOD_MATCH = YES;
				COPY_PHASE_STRIP = NO;
				DEBUG_INFORMATION_FORMAT = "dwarf-with-dsym";
				ENABLE_NS_ASSERTIONS = NO;
				ENABLE_STRICT_OBJC_MSGSEND = YES;
				GCC_C_LANGUAGE_STANDARD = gnu11;
				GCC_NO_COMMON_BLOCKS = YES;
				GCC_WARN_64_TO_32_BIT_CONVERSION = YES;
				GCC_WARN_ABOUT_RETURN_TYPE = YES_ERROR;
				GCC_WARN_UNDECLARED_SELECTOR = YES;
				GCC_WARN_UNINITIALIZED_AUTOS = YES_AGGRESSIVE;
				GCC_WARN_UNUSED_FUNCTION = YES;
				GCC_WARN_UNUSED_VARIABLE = YES;
				IPHONEOS_DEPLOYMENT_TARGET = 16.4;
				MTL_ENABLE_DEBUG_INFO = NO;
				MTL_FAST_MATH = YES;
				SDKROOT = iphoneos;
				SWIFT_COMPILATION_MODE = wholemodule;
				SWIFT_OPTIMIZATION_LEVEL = "-O";
				VALIDATE_PRODUCT = YES;
			};
			name = Release;
		};
		8F6CF90D2A64859B00B5A54B /* Debug */ = {
			isa = XCBuildConfiguration;
			buildSettings = {
				ASSETCATALOG_COMPILER_APPICON_NAME = AppIcon;
				ASSETCATALOG_COMPILER_GLOBAL_ACCENT_COLOR_NAME = AccentColor;
				CODE_SIGN_STYLE = Automatic;
				CURRENT_PROJECT_VERSION = 1;
				DEVELOPMENT_TEAM = SD5N8D7LXB;
				GENERATE_INFOPLIST_FILE = YES;
				INFOPLIST_FILE = "mathc two game/Info.plist";
				INFOPLIST_KEY_UIApplicationSupportsIndirectInputEvents = YES;
				INFOPLIST_KEY_UILaunchStoryboardName = LaunchScreen;
				INFOPLIST_KEY_UIMainStoryboardFile = Main;
				INFOPLIST_KEY_UISupportedInterfaceOrientations_iPad = "UIInterfaceOrientationPortrait UIInterfaceOrientationPortraitUpsideDown UIInterfaceOrientationLandscapeLeft UIInterfaceOrientationLandscapeRight";
				INFOPLIST_KEY_UISupportedInterfaceOrientations_iPhone = "UIInterfaceOrientationPortrait UIInterfaceOrientationLandscapeLeft UIInterfaceOrientationLandscapeRight";
				IPHONEOS_DEPLOYMENT_TARGET = 15.4;
				LD_RUNPATH_SEARCH_PATHS = (
					"$(inherited)",
					"@executable_path/Frameworks",
				);
				MARKETING_VERSION = 1.0;
				PRODUCT_BUNDLE_IDENTIFIER = "kz.mobydev.mathc-two-game";
				PRODUCT_NAME = "$(TARGET_NAME)";
				SWIFT_EMIT_LOC_STRINGS = YES;
				SWIFT_VERSION = 5.0;
				TARGETED_DEVICE_FAMILY = "1,2";
			};
			name = Debug;
		};
		8F6CF90E2A64859B00B5A54B /* Release */ = {
			isa = XCBuildConfiguration;
			buildSettings = {
				ASSETCATALOG_COMPILER_APPICON_NAME = AppIcon;
				ASSETCATALOG_COMPILER_GLOBAL_ACCENT_COLOR_NAME = AccentColor;
				CODE_SIGN_STYLE = Automatic;
				CURRENT_PROJECT_VERSION = 1;
				DEVELOPMENT_TEAM = SD5N8D7LXB;
				GENERATE_INFOPLIST_FILE = YES;
				INFOPLIST_FILE = "mathc two game/Info.plist";
				INFOPLIST_KEY_UIApplicationSupportsIndirectInputEvents = YES;
				INFOPLIST_KEY_UILaunchStoryboardName = LaunchScreen;
				INFOPLIST_KEY_UIMainStoryboardFile = Main;
				INFOPLIST_KEY_UISupportedInterfaceOrientations_iPad = "UIInterfaceOrientationPortrait UIInterfaceOrientationPortraitUpsideDown UIInterfaceOrientationLandscapeLeft UIInterfaceOrientationLandscapeRight";
				INFOPLIST_KEY_UISupportedInterfaceOrientations_iPhone = "UIInterfaceOrientationPortrait UIInterfaceOrientationLandscapeLeft UIInterfaceOrientationLandscapeRight";
				IPHONEOS_DEPLOYMENT_TARGET = 15.4;
				LD_RUNPATH_SEARCH_PATHS = (
					"$(inherited)",
					"@executable_path/Frameworks",
				);
				MARKETING_VERSION = 1.0;
				PRODUCT_BUNDLE_IDENTIFIER = "kz.mobydev.mathc-two-game";
				PRODUCT_NAME = "$(TARGET_NAME)";
				SWIFT_EMIT_LOC_STRINGS = YES;
				SWIFT_VERSION = 5.0;
				TARGETED_DEVICE_FAMILY = "1,2";
			};
			name = Release;
		};
		8F6CF9102A64859B00B5A54B /* Debug */ = {
			isa = XCBuildConfiguration;
			buildSettings = {
				ALWAYS_EMBED_SWIFT_STANDARD_LIBRARIES = YES;
				BUNDLE_LOADER = "$(TEST_HOST)";
				CODE_SIGN_STYLE = Automatic;
				CURRENT_PROJECT_VERSION = 1;
				GENERATE_INFOPLIST_FILE = YES;
				IPHONEOS_DEPLOYMENT_TARGET = 16.4;
				MARKETING_VERSION = 1.0;
				PRODUCT_BUNDLE_IDENTIFIER = "kz.mobydev.mathc-two-gameTests";
				PRODUCT_NAME = "$(TARGET_NAME)";
				SWIFT_EMIT_LOC_STRINGS = NO;
				SWIFT_VERSION = 5.0;
				TARGETED_DEVICE_FAMILY = "1,2";
				TEST_HOST = "$(BUILT_PRODUCTS_DIR)/mathc two game.app/$(BUNDLE_EXECUTABLE_FOLDER_PATH)/mathc two game";
			};
			name = Debug;
		};
		8F6CF9112A64859B00B5A54B /* Release */ = {
			isa = XCBuildConfiguration;
			buildSettings = {
				ALWAYS_EMBED_SWIFT_STANDARD_LIBRARIES = YES;
				BUNDLE_LOADER = "$(TEST_HOST)";
				CODE_SIGN_STYLE = Automatic;
				CURRENT_PROJECT_VERSION = 1;
				GENERATE_INFOPLIST_FILE = YES;
				IPHONEOS_DEPLOYMENT_TARGET = 16.4;
				MARKETING_VERSION = 1.0;
				PRODUCT_BUNDLE_IDENTIFIER = "kz.mobydev.mathc-two-gameTests";
				PRODUCT_NAME = "$(TARGET_NAME)";
				SWIFT_EMIT_LOC_STRINGS = NO;
				SWIFT_VERSION = 5.0;
				TARGETED_DEVICE_FAMILY = "1,2";
				TEST_HOST = "$(BUILT_PRODUCTS_DIR)/mathc two game.app/$(BUNDLE_EXECUTABLE_FOLDER_PATH)/mathc two game";
			};
			name = Release;
		};
		8F6CF9132A64859B00B5A54B /* Debug */ = {
			isa = XCBuildConfiguration;
			buildSettings = {
				ALWAYS_EMBED_SWIFT_STANDARD_LIBRARIES = YES;
				CODE_SIGN_STYLE = Automatic;
				CURRENT_PROJECT_VERSION = 1;
				GENERATE_INFOPLIST_FILE = YES;
				MARKETING_VERSION = 1.0;
				PRODUCT_BUNDLE_IDENTIFIER = "kz.mobydev.mathc-two-gameUITests";
				PRODUCT_NAME = "$(TARGET_NAME)";
				SWIFT_EMIT_LOC_STRINGS = NO;
				SWIFT_VERSION = 5.0;
				TARGETED_DEVICE_FAMILY = "1,2";
				TEST_TARGET_NAME = "mathc two game";
			};
			name = Debug;
		};
		8F6CF9142A64859B00B5A54B /* Release */ = {
			isa = XCBuildConfiguration;
			buildSettings = {
				ALWAYS_EMBED_SWIFT_STANDARD_LIBRARIES = YES;
				CODE_SIGN_STYLE = Automatic;
				CURRENT_PROJECT_VERSION = 1;
				GENERATE_INFOPLIST_FILE = YES;
				MARKETING_VERSION = 1.0;
				PRODUCT_BUNDLE_IDENTIFIER = "kz.mobydev.mathc-two-gameUITests";
				PRODUCT_NAME = "$(TARGET_NAME)";
				SWIFT_EMIT_LOC_STRINGS = NO;
				SWIFT_VERSION = 5.0;
				TARGETED_DEVICE_FAMILY = "1,2";
				TEST_TARGET_NAME = "mathc two game";
			};
			name = Release;
		};
/* End XCBuildConfiguration section */

/* Begin XCConfigurationList section */
		8F6CF8DD2A64859A00B5A54B /* Build configuration list for PBXProject "mathc two game" */ = {
			isa = XCConfigurationList;
			buildConfigurations = (
				8F6CF90A2A64859B00B5A54B /* Debug */,
				8F6CF90B2A64859B00B5A54B /* Release */,
			);
			defaultConfigurationIsVisible = 0;
			defaultConfigurationName = Release;
		};
		8F6CF90C2A64859B00B5A54B /* Build configuration list for PBXNativeTarget "mathc two game" */ = {
			isa = XCConfigurationList;
			buildConfigurations = (
				8F6CF90D2A64859B00B5A54B /* Debug */,
				8F6CF90E2A64859B00B5A54B /* Release */,
			);
			defaultConfigurationIsVisible = 0;
			defaultConfigurationName = Release;
		};
		8F6CF90F2A64859B00B5A54B /* Build configuration list for PBXNativeTarget "mathc two gameTests" */ = {
			isa = XCConfigurationList;
			buildConfigurations = (
				8F6CF9102A64859B00B5A54B /* Debug */,
				8F6CF9112A64859B00B5A54B /* Release */,
			);
			defaultConfigurationIsVisible = 0;
			defaultConfigurationName = Release;
		};
		8F6CF9122A64859B00B5A54B /* Build configuration list for PBXNativeTarget "mathc two gameUITests" */ = {
			isa = XCConfigurationList;
			buildConfigurations = (
				8F6CF9132A64859B00B5A54B /* Debug */,
				8F6CF9142A64859B00B5A54B /* Release */,
			);
			defaultConfigurationIsVisible = 0;
			defaultConfigurationName = Release;
		};
/* End XCConfigurationList section */
	};
	rootObject = 8F6CF8DA2A64859A00B5A54B /* Project object */;
}
